// !$*UTF8*$!
{
	archiveVersion = 1;
	classes = {
	};
	objectVersion = 50;
	objects = {

/* Begin PBXBuildFile section */
		C84B9450245481EB00D4F116 /* AppDelegate.swift in Sources */ = {isa = PBXBuildFile; fileRef = C84B944F245481EB00D4F116 /* AppDelegate.swift */; };
		C84B9452245481EB00D4F116 /* SceneDelegate.swift in Sources */ = {isa = PBXBuildFile; fileRef = C84B9451245481EB00D4F116 /* SceneDelegate.swift */; };
		C84B9457245481EB00D4F116 /* Main.storyboard in Resources */ = {isa = PBXBuildFile; fileRef = C84B9455245481EB00D4F116 /* Main.storyboard */; };
		C84B9459245481EF00D4F116 /* Assets.xcassets in Resources */ = {isa = PBXBuildFile; fileRef = C84B9458245481EF00D4F116 /* Assets.xcassets */; };
		C84B945C245481EF00D4F116 /* LaunchScreen.storyboard in Resources */ = {isa = PBXBuildFile; fileRef = C84B945A245481EF00D4F116 /* LaunchScreen.storyboard */; };
		C84B94672454822500D4F116 /* CharacterModel.swift in Sources */ = {isa = PBXBuildFile; fileRef = C84B94662454822500D4F116 /* CharacterModel.swift */; };
		C84B94692454822F00D4F116 /* BookModel.swift in Sources */ = {isa = PBXBuildFile; fileRef = C84B94682454822F00D4F116 /* BookModel.swift */; };
		C84B946B2454823A00D4F116 /* HouseModel.swift in Sources */ = {isa = PBXBuildFile; fileRef = C84B946A2454823A00D4F116 /* HouseModel.swift */; };
		C84B946D2454825B00D4F116 /* CharacterRequest.swift in Sources */ = {isa = PBXBuildFile; fileRef = C84B946C2454825B00D4F116 /* CharacterRequest.swift */; };
		C84B946F2454826900D4F116 /* BookRequest.swift in Sources */ = {isa = PBXBuildFile; fileRef = C84B946E2454826900D4F116 /* BookRequest.swift */; };
		C84B94712454826E00D4F116 /* HouseRequest.swift in Sources */ = {isa = PBXBuildFile; fileRef = C84B94702454826E00D4F116 /* HouseRequest.swift */; };
		C84B94742454846500D4F116 /* BooksTableVC.swift in Sources */ = {isa = PBXBuildFile; fileRef = C84B94732454846500D4F116 /* BooksTableVC.swift */; };
		C84B94762454847600D4F116 /* HousesTableVC.swift in Sources */ = {isa = PBXBuildFile; fileRef = C84B94752454847600D4F116 /* HousesTableVC.swift */; };
		C84B94782454847F00D4F116 /* CharactersTableVC.swift in Sources */ = {isa = PBXBuildFile; fileRef = C84B94772454847F00D4F116 /* CharactersTableVC.swift */; };
		C84B947C2454853F00D4F116 /* HousesCell.swift in Sources */ = {isa = PBXBuildFile; fileRef = C84B947A2454853F00D4F116 /* HousesCell.swift */; };
		C84B947D2454853F00D4F116 /* HousesCell.xib in Resources */ = {isa = PBXBuildFile; fileRef = C84B947B2454853F00D4F116 /* HousesCell.xib */; };
		C84B94862454856B00D4F116 /* BooksCell.swift in Sources */ = {isa = PBXBuildFile; fileRef = C84B94842454856B00D4F116 /* BooksCell.swift */; };
		C84B94872454856B00D4F116 /* BooksCell.xib in Resources */ = {isa = PBXBuildFile; fileRef = C84B94852454856B00D4F116 /* BooksCell.xib */; };
		C84B948B24548A0700D4F116 /* Constants.swift in Sources */ = {isa = PBXBuildFile; fileRef = C84B948A24548A0700D4F116 /* Constants.swift */; };
		C89ECBF22455DD2A0015B520 /* CharactersCell.swift in Sources */ = {isa = PBXBuildFile; fileRef = C89ECBF02455DD2A0015B520 /* CharactersCell.swift */; };
		C89ECBF32455DD2A0015B520 /* CharactersCell.xib in Resources */ = {isa = PBXBuildFile; fileRef = C89ECBF12455DD2A0015B520 /* CharactersCell.xib */; };
/* End PBXBuildFile section */

/* Begin PBXFileReference section */
		C84B944C245481EB00D4F116 /* GotAPIDifferent.app */ = {isa = PBXFileReference; explicitFileType = wrapper.application; includeInIndex = 0; path = GotAPIDifferent.app; sourceTree = BUILT_PRODUCTS_DIR; };
		C84B944F245481EB00D4F116 /* AppDelegate.swift */ = {isa = PBXFileReference; lastKnownFileType = sourcecode.swift; path = AppDelegate.swift; sourceTree = "<group>"; };
		C84B9451245481EB00D4F116 /* SceneDelegate.swift */ = {isa = PBXFileReference; lastKnownFileType = sourcecode.swift; path = SceneDelegate.swift; sourceTree = "<group>"; };
		C84B9456245481EB00D4F116 /* Base */ = {isa = PBXFileReference; lastKnownFileType = file.storyboard; name = Base; path = Base.lproj/Main.storyboard; sourceTree = "<group>"; };
		C84B9458245481EF00D4F116 /* Assets.xcassets */ = {isa = PBXFileReference; lastKnownFileType = folder.assetcatalog; path = Assets.xcassets; sourceTree = "<group>"; };
		C84B945B245481EF00D4F116 /* Base */ = {isa = PBXFileReference; lastKnownFileType = file.storyboard; name = Base; path = Base.lproj/LaunchScreen.storyboard; sourceTree = "<group>"; };
		C84B945D245481EF00D4F116 /* Info.plist */ = {isa = PBXFileReference; lastKnownFileType = text.plist.xml; path = Info.plist; sourceTree = "<group>"; };
		C84B94662454822500D4F116 /* CharacterModel.swift */ = {isa = PBXFileReference; lastKnownFileType = sourcecode.swift; path = CharacterModel.swift; sourceTree = "<group>"; };
		C84B94682454822F00D4F116 /* BookModel.swift */ = {isa = PBXFileReference; lastKnownFileType = sourcecode.swift; path = BookModel.swift; sourceTree = "<group>"; };
		C84B946A2454823A00D4F116 /* HouseModel.swift */ = {isa = PBXFileReference; lastKnownFileType = sourcecode.swift; path = HouseModel.swift; sourceTree = "<group>"; };
		C84B946C2454825B00D4F116 /* CharacterRequest.swift */ = {isa = PBXFileReference; lastKnownFileType = sourcecode.swift; path = CharacterRequest.swift; sourceTree = "<group>"; };
		C84B946E2454826900D4F116 /* BookRequest.swift */ = {isa = PBXFileReference; lastKnownFileType = sourcecode.swift; path = BookRequest.swift; sourceTree = "<group>"; };
		C84B94702454826E00D4F116 /* HouseRequest.swift */ = {isa = PBXFileReference; lastKnownFileType = sourcecode.swift; path = HouseRequest.swift; sourceTree = "<group>"; };
		C84B94732454846500D4F116 /* BooksTableVC.swift */ = {isa = PBXFileReference; lastKnownFileType = sourcecode.swift; path = BooksTableVC.swift; sourceTree = "<group>"; };
		C84B94752454847600D4F116 /* HousesTableVC.swift */ = {isa = PBXFileReference; lastKnownFileType = sourcecode.swift; path = HousesTableVC.swift; sourceTree = "<group>"; };
		C84B94772454847F00D4F116 /* CharactersTableVC.swift */ = {isa = PBXFileReference; lastKnownFileType = sourcecode.swift; path = CharactersTableVC.swift; sourceTree = "<group>"; };
		C84B947A2454853F00D4F116 /* HousesCell.swift */ = {isa = PBXFileReference; lastKnownFileType = sourcecode.swift; path = HousesCell.swift; sourceTree = "<group>"; };
		C84B947B2454853F00D4F116 /* HousesCell.xib */ = {isa = PBXFileReference; lastKnownFileType = file.xib; path = HousesCell.xib; sourceTree = "<group>"; };
		C84B94842454856B00D4F116 /* BooksCell.swift */ = {isa = PBXFileReference; lastKnownFileType = sourcecode.swift; path = BooksCell.swift; sourceTree = "<group>"; };
		C84B94852454856B00D4F116 /* BooksCell.xib */ = {isa = PBXFileReference; lastKnownFileType = file.xib; path = BooksCell.xib; sourceTree = "<group>"; };
		C84B948A24548A0700D4F116 /* Constants.swift */ = {isa = PBXFileReference; lastKnownFileType = sourcecode.swift; path = Constants.swift; sourceTree = "<group>"; };
		C89ECBF02455DD2A0015B520 /* CharactersCell.swift */ = {isa = PBXFileReference; lastKnownFileType = sourcecode.swift; path = CharactersCell.swift; sourceTree = "<group>"; };
		C89ECBF12455DD2A0015B520 /* CharactersCell.xib */ = {isa = PBXFileReference; lastKnownFileType = file.xib; path = CharactersCell.xib; sourceTree = "<group>"; };
/* End PBXFileReference section */

/* Begin PBXFrameworksBuildPhase section */
		C84B9449245481EB00D4F116 /* Frameworks */ = {
			isa = PBXFrameworksBuildPhase;
			buildActionMask = 2147483647;
			files = (
			);
			runOnlyForDeploymentPostprocessing = 0;
		};
/* End PBXFrameworksBuildPhase section */

/* Begin PBXGroup section */
		C84B9443245481EB00D4F116 = {
			isa = PBXGroup;
			children = (
				C84B944E245481EB00D4F116 /* GotAPIDifferent */,
				C84B944D245481EB00D4F116 /* Products */,
			);
			sourceTree = "<group>";
		};
		C84B944D245481EB00D4F116 /* Products */ = {
			isa = PBXGroup;
			children = (
				C84B944C245481EB00D4F116 /* GotAPIDifferent.app */,
			);
			name = Products;
			sourceTree = "<group>";
		};
		C84B944E245481EB00D4F116 /* GotAPIDifferent */ = {
			isa = PBXGroup;
			children = (
				C84B94652454821500D4F116 /* Models */,
				C84B944F245481EB00D4F116 /* AppDelegate.swift */,
				C84B9451245481EB00D4F116 /* SceneDelegate.swift */,
				C84B94642454820100D4F116 /* Controller */,
				C84B9463245481FA00D4F116 /* Views */,
				C84B9458245481EF00D4F116 /* Assets.xcassets */,
				C84B945D245481EF00D4F116 /* Info.plist */,
				C84B948A24548A0700D4F116 /* Constants.swift */,
			);
			path = GotAPIDifferent;
			sourceTree = "<group>";
		};
		C84B9463245481FA00D4F116 /* Views */ = {
			isa = PBXGroup;
			children = (
				C84B94792454852900D4F116 /* CustomCells */,
				C84B9455245481EB00D4F116 /* Main.storyboard */,
				C84B945A245481EF00D4F116 /* LaunchScreen.storyboard */,
			);
			path = Views;
			sourceTree = "<group>";
		};
		C84B94642454820100D4F116 /* Controller */ = {
			isa = PBXGroup;
			children = (
				C84B94732454846500D4F116 /* BooksTableVC.swift */,
				C84B94752454847600D4F116 /* HousesTableVC.swift */,
				C84B94772454847F00D4F116 /* CharactersTableVC.swift */,
			);
			path = Controller;
			sourceTree = "<group>";
		};
		C84B94652454821500D4F116 /* Models */ = {
			isa = PBXGroup;
			children = (
				C84B94662454822500D4F116 /* CharacterModel.swift */,
				C84B94682454822F00D4F116 /* BookModel.swift */,
				C84B946A2454823A00D4F116 /* HouseModel.swift */,
				C84B94722454827300D4F116 /* Requests */,
			);
			path = Models;
			sourceTree = "<group>";
		};
		C84B94722454827300D4F116 /* Requests */ = {
			isa = PBXGroup;
			children = (
				C84B946C2454825B00D4F116 /* CharacterRequest.swift */,
				C84B946E2454826900D4F116 /* BookRequest.swift */,
				C84B94702454826E00D4F116 /* HouseRequest.swift */,
			);
			path = Requests;
			sourceTree = "<group>";
		};
		C84B94792454852900D4F116 /* CustomCells */ = {
			isa = PBXGroup;
			children = (
				C84B947A2454853F00D4F116 /* HousesCell.swift */,
				C84B947B2454853F00D4F116 /* HousesCell.xib */,
				C84B94842454856B00D4F116 /* BooksCell.swift */,
				C84B94852454856B00D4F116 /* BooksCell.xib */,
				C89ECBF02455DD2A0015B520 /* CharactersCell.swift */,
				C89ECBF12455DD2A0015B520 /* CharactersCell.xib */,
			);
			path = CustomCells;
			sourceTree = "<group>";
		};
/* End PBXGroup section */

/* Begin PBXNativeTarget section */
		C84B944B245481EB00D4F116 /* GotAPIDifferent */ = {
			isa = PBXNativeTarget;
			buildConfigurationList = C84B9460245481EF00D4F116 /* Build configuration list for PBXNativeTarget "GotAPIDifferent" */;
			buildPhases = (
				C84B9448245481EB00D4F116 /* Sources */,
				C84B9449245481EB00D4F116 /* Frameworks */,
				C84B944A245481EB00D4F116 /* Resources */,
			);
			buildRules = (
			);
			dependencies = (
			);
			name = GotAPIDifferent;
			productName = GotAPIDifferent;
			productReference = C84B944C245481EB00D4F116 /* GotAPIDifferent.app */;
			productType = "com.apple.product-type.application";
		};
/* End PBXNativeTarget section */

/* Begin PBXProject section */
		C84B9444245481EB00D4F116 /* Project object */ = {
			isa = PBXProject;
			attributes = {
				LastSwiftUpdateCheck = 1140;
				LastUpgradeCheck = 1140;
				ORGANIZATIONNAME = "Ivo Specht";
				TargetAttributes = {
					C84B944B245481EB00D4F116 = {
						CreatedOnToolsVersion = 11.4.1;
					};
				};
			};
			buildConfigurationList = C84B9447245481EB00D4F116 /* Build configuration list for PBXProject "GotAPIDifferent" */;
			compatibilityVersion = "Xcode 9.3";
			developmentRegion = en;
			hasScannedForEncodings = 0;
			knownRegions = (
				en,
				Base,
			);
			mainGroup = C84B9443245481EB00D4F116;
			productRefGroup = C84B944D245481EB00D4F116 /* Products */;
			projectDirPath = "";
			projectRoot = "";
			targets = (
				C84B944B245481EB00D4F116 /* GotAPIDifferent */,
			);
		};
/* End PBXProject section */

/* Begin PBXResourcesBuildPhase section */
		C84B944A245481EB00D4F116 /* Resources */ = {
			isa = PBXResourcesBuildPhase;
			buildActionMask = 2147483647;
			files = (
				C84B945C245481EF00D4F116 /* LaunchScreen.storyboard in Resources */,
				C84B9459245481EF00D4F116 /* Assets.xcassets in Resources */,
				C84B94872454856B00D4F116 /* BooksCell.xib in Resources */,
				C84B947D2454853F00D4F116 /* HousesCell.xib in Resources */,
				C84B9457245481EB00D4F116 /* Main.storyboard in Resources */,
				C89ECBF32455DD2A0015B520 /* CharactersCell.xib in Resources */,
			);
			runOnlyForDeploymentPostprocessing = 0;
		};
/* End PBXResourcesBuildPhase section */

/* Begin PBXSourcesBuildPhase section */
		C84B9448245481EB00D4F116 /* Sources */ = {
			isa = PBXSourcesBuildPhase;
			buildActionMask = 2147483647;
			files = (
				C84B946F2454826900D4F116 /* BookRequest.swift in Sources */,
				C84B94692454822F00D4F116 /* BookModel.swift in Sources */,
				C84B946B2454823A00D4F116 /* HouseModel.swift in Sources */,
				C84B94782454847F00D4F116 /* CharactersTableVC.swift in Sources */,
				C89ECBF22455DD2A0015B520 /* CharactersCell.swift in Sources */,
				C84B94672454822500D4F116 /* CharacterModel.swift in Sources */,
				C84B948B24548A0700D4F116 /* Constants.swift in Sources */,
				C84B94762454847600D4F116 /* HousesTableVC.swift in Sources */,
				C84B947C2454853F00D4F116 /* HousesCell.swift in Sources */,
				C84B94862454856B00D4F116 /* BooksCell.swift in Sources */,
				C84B9450245481EB00D4F116 /* AppDelegate.swift in Sources */,
				C84B946D2454825B00D4F116 /* CharacterRequest.swift in Sources */,
				C84B9452245481EB00D4F116 /* SceneDelegate.swift in Sources */,
				C84B94742454846500D4F116 /* BooksTableVC.swift in Sources */,
				C84B94712454826E00D4F116 /* HouseRequest.swift in Sources */,
			);
			runOnlyForDeploymentPostprocessing = 0;
		};
/* End PBXSourcesBuildPhase section */

/* Begin PBXVariantGroup section */
		C84B9455245481EB00D4F116 /* Main.storyboard */ = {
			isa = PBXVariantGroup;
			children = (
				C84B9456245481EB00D4F116 /* Base */,
			);
			name = Main.storyboard;
			sourceTree = "<group>";
		};
		C84B945A245481EF00D4F116 /* LaunchScreen.storyboard */ = {
			isa = PBXVariantGroup;
			children = (
				C84B945B245481EF00D4F116 /* Base */,
			);
			name = LaunchScreen.storyboard;
			sourceTree = "<group>";
		};
/* End PBXVariantGroup section */

/* Begin XCBuildConfiguration section */
		C84B945E245481EF00D4F116 /* Debug */ = {
			isa = XCBuildConfiguration;
			buildSettings = {
				ALWAYS_SEARCH_USER_PATHS = NO;
				CLANG_ANALYZER_NONNULL = YES;
				CLANG_ANALYZER_NUMBER_OBJECT_CONVERSION = YES_AGGRESSIVE;
				CLANG_CXX_LANGUAGE_STANDARD = "gnu++14";
				CLANG_CXX_LIBRARY = "libc++";
				CLANG_ENABLE_MODULES = YES;
				CLANG_ENABLE_OBJC_ARC = YES;
				CLANG_ENABLE_OBJC_WEAK = YES;
				CLANG_WARN_BLOCK_CAPTURE_AUTORELEASING = YES;
				CLANG_WARN_BOOL_CONVERSION = YES;
				CLANG_WARN_COMMA = YES;
				CLANG_WARN_CONSTANT_CONVERSION = YES;
				CLANG_WARN_DEPRECATED_OBJC_IMPLEMENTATIONS = YES;
				CLANG_WARN_DIRECT_OBJC_ISA_USAGE = YES_ERROR;
				CLANG_WARN_DOCUMENTATION_COMMENTS = YES;
				CLANG_WARN_EMPTY_BODY = YES;
				CLANG_WARN_ENUM_CONVERSION = YES;
				CLANG_WARN_INFINITE_RECURSION = YES;
				CLANG_WARN_INT_CONVERSION = YES;
				CLANG_WARN_NON_LITERAL_NULL_CONVERSION = YES;
				CLANG_WARN_OBJC_IMPLICIT_RETAIN_SELF = YES;
				CLANG_WARN_OBJC_LITERAL_CONVERSION = YES;
				CLANG_WARN_OBJC_ROOT_CLASS = YES_ERROR;
				CLANG_WARN_RANGE_LOOP_ANALYSIS = YES;
				CLANG_WARN_STRICT_PROTOTYPES = YES;
				CLANG_WARN_SUSPICIOUS_MOVE = YES;
				CLANG_WARN_UNGUARDED_AVAILABILITY = YES_AGGRESSIVE;
				CLANG_WARN_UNREACHABLE_CODE = YES;
				CLANG_WARN__DUPLICATE_METHOD_MATCH = YES;
				COPY_PHASE_STRIP = NO;
				DEBUG_INFORMATION_FORMAT = dwarf;
				ENABLE_STRICT_OBJC_MSGSEND = YES;
				ENABLE_TESTABILITY = YES;
				GCC_C_LANGUAGE_STANDARD = gnu11;
				GCC_DYNAMIC_NO_PIC = NO;
				GCC_NO_COMMON_BLOCKS = YES;
				GCC_OPTIMIZATION_LEVEL = 0;
				GCC_PREPROCESSOR_DEFINITIONS = (
					"DEBUG=1",
					"$(inherited)",
				);
				GCC_WARN_64_TO_32_BIT_CONVERSION = YES;
				GCC_WARN_ABOUT_RETURN_TYPE = YES_ERROR;
				GCC_WARN_UNDECLARED_SELECTOR = YES;
				GCC_WARN_UNINITIALIZED_AUTOS = YES_AGGRESSIVE;
				GCC_WARN_UNUSED_FUNCTION = YES;
				GCC_WARN_UNUSED_VARIABLE = YES;
				IPHONEOS_DEPLOYMENT_TARGET = 13.4;
				MTL_ENABLE_DEBUG_INFO = INCLUDE_SOURCE;
				MTL_FAST_MATH = YES;
				ONLY_ACTIVE_ARCH = YES;
				SDKROOT = iphoneos;
				SWIFT_ACTIVE_COMPILATION_CONDITIONS = DEBUG;
				SWIFT_OPTIMIZATION_LEVEL = "-Onone";
			};
			name = Debug;
		};
		C84B945F245481EF00D4F116 /* Release */ = {
			isa = XCBuildConfiguration;
			buildSettings = {
				ALWAYS_SEARCH_USER_PATHS = NO;
				CLANG_ANALYZER_NONNULL = YES;
				CLANG_ANALYZER_NUMBER_OBJECT_CONVERSION = YES_AGGRESSIVE;
				CLANG_CXX_LANGUAGE_STANDARD = "gnu++14";
				CLANG_CXX_LIBRARY = "libc++";
				CLANG_ENABLE_MODULES = YES;
				CLANG_ENABLE_OBJC_ARC = YES;
				CLANG_ENABLE_OBJC_WEAK = YES;
				CLANG_WARN_BLOCK_CAPTURE_AUTORELEASING = YES;
				CLANG_WARN_BOOL_CONVERSION = YES;
				CLANG_WARN_COMMA = YES;
				CLANG_WARN_CONSTANT_CONVERSION = YES;
				CLANG_WARN_DEPRECATED_OBJC_IMPLEMENTATIONS = YES;
				CLANG_WARN_DIRECT_OBJC_ISA_USAGE = YES_ERROR;
				CLANG_WARN_DOCUMENTATION_COMMENTS = YES;
				CLANG_WARN_EMPTY_BODY = YES;
				CLANG_WARN_ENUM_CONVERSION = YES;
				CLANG_WARN_INFINITE_RECURSION = YES;
				CLANG_WARN_INT_CONVERSION = YES;
				CLANG_WARN_NON_LITERAL_NULL_CONVERSION = YES;
				CLANG_WARN_OBJC_IMPLICIT_RETAIN_SELF = YES;
				CLANG_WARN_OBJC_LITERAL_CONVERSION = YES;
				CLANG_WARN_OBJC_ROOT_CLASS = YES_ERROR;
				CLANG_WARN_RANGE_LOOP_ANALYSIS = YES;
				CLANG_WARN_STRICT_PROTOTYPES = YES;
				CLANG_WARN_SUSPICIOUS_MOVE = YES;
				CLANG_WARN_UNGUARDED_AVAILABILITY = YES_AGGRESSIVE;
				CLANG_WARN_UNREACHABLE_CODE = YES;
				CLANG_WARN__DUPLICATE_METHOD_MATCH = YES;
				COPY_PHASE_STRIP = NO;
				DEBUG_INFORMATION_FORMAT = "dwarf-with-dsym";
				ENABLE_NS_ASSERTIONS = NO;
				ENABLE_STRICT_OBJC_MSGSEND = YES;
				GCC_C_LANGUAGE_STANDARD = gnu11;
				GCC_NO_COMMON_BLOCKS = YES;
				GCC_WARN_64_TO_32_BIT_CONVERSION = YES;
				GCC_WARN_ABOUT_RETURN_TYPE = YES_ERROR;
				GCC_WARN_UNDECLARED_SELECTOR = YES;
				GCC_WARN_UNINITIALIZED_AUTOS = YES_AGGRESSIVE;
				GCC_WARN_UNUSED_FUNCTION = YES;
				GCC_WARN_UNUSED_VARIABLE = YES;
				IPHONEOS_DEPLOYMENT_TARGET = 13.4;
				MTL_ENABLE_DEBUG_INFO = NO;
				MTL_FAST_MATH = YES;
				SDKROOT = iphoneos;
				SWIFT_COMPILATION_MODE = wholemodule;
				SWIFT_OPTIMIZATION_LEVEL = "-O";
				VALIDATE_PRODUCT = YES;
			};
			name = Release;
		};
		C84B9461245481EF00D4F116 /* Debug */ = {
			isa = XCBuildConfiguration;
			buildSettings = {
				ASSETCATALOG_COMPILER_APPICON_NAME = AppIcon;
				CODE_SIGN_STYLE = Automatic;
				DEVELOPMENT_TEAM = U3RH9TCRL6;
				INFOPLIST_FILE = GotAPIDifferent/Info.plist;
				LD_RUNPATH_SEARCH_PATHS = (
					"$(inherited)",
					"@executable_path/Frameworks",
				);
				PRODUCT_BUNDLE_IDENTIFIER = com.ivospecht.GotAPIDifferent;
				PRODUCT_NAME = "$(TARGET_NAME)";
				SWIFT_VERSION = 5.0;
				TARGETED_DEVICE_FAMILY = "1,2";
			};
			name = Debug;
		};
		C84B9462245481EF00D4F116 /* Release */ = {
			isa = XCBuildConfiguration;
			buildSettings = {
				ASSETCATALOG_COMPILER_APPICON_NAME = AppIcon;
				CODE_SIGN_STYLE = Automatic;
				DEVELOPMENT_TEAM = U3RH9TCRL6;
				INFOPLIST_FILE = GotAPIDifferent/Info.plist;
				LD_RUNPATH_SEARCH_PATHS = (
					"$(inherited)",
					"@executable_path/Frameworks",
				);
				PRODUCT_BUNDLE_IDENTIFIER = com.ivospecht.GotAPIDifferent;
				PRODUCT_NAME = "$(TARGET_NAME)";
				SWIFT_VERSION = 5.0;
				TARGETED_DEVICE_FAMILY = "1,2";
			};
			name = Release;
		};
/* End XCBuildConfiguration section */

/* Begin XCConfigurationList section */
		C84B9447245481EB00D4F116 /* Build configuration list for PBXProject "GotAPIDifferent" */ = {
			isa = XCConfigurationList;
			buildConfigurations = (
				C84B945E245481EF00D4F116 /* Debug */,
				C84B945F245481EF00D4F116 /* Release */,
			);
			defaultConfigurationIsVisible = 0;
			defaultConfigurationName = Release;
		};
		C84B9460245481EF00D4F116 /* Build configuration list for PBXNativeTarget "GotAPIDifferent" */ = {
			isa = XCConfigurationList;
			buildConfigurations = (
				C84B9461245481EF00D4F116 /* Debug */,
				C84B9462245481EF00D4F116 /* Release */,
			);
			defaultConfigurationIsVisible = 0;
			defaultConfigurationName = Release;
		};
/* End XCConfigurationList section */
	};
	rootObject = C84B9444245481EB00D4F116 /* Project object */;
}
